
Microsoft Visual Studio Solution File, Format Version 12.00
# Visual Studio Version 17
VisualStudioVersion = 17.9.34310.174
MinimumVisualStudioVersion = 10.0.40219.1
Project("{FAE04EC0-301F-11D3-BF4B-00C04F79EFBC}") = "Mixorama.Server", "Mixorama.Server\Mixorama.Server.csproj", "{016921B3-49E9-40E6-991F-2A4C225F4A29}"
EndProject
Project("{54A90642-561A-4BB1-A94E-469ADEE60C69}") = "mixorama.client", "mixorama.client\mixorama.client.esproj", "{C7C09D54-2138-4D58-AC34-E81CD3CAD552}"
EndProject
Global
	GlobalSection(SolutionConfigurationPlatforms) = preSolution
		Debug|Any CPU = Debug|Any CPU
		Release|Any CPU = Release|Any CPU
	EndGlobalSection
	GlobalSection(ProjectConfigurationPlatforms) = postSolution
		{016921B3-49E9-40E6-991F-2A4C225F4A29}.Debug|Any CPU.ActiveCfg = Debug|Any CPU
		{016921B3-49E9-40E6-991F-2A4C225F4A29}.Debug|Any CPU.Build.0 = Debug|Any CPU
		{016921B3-49E9-40E6-991F-2A4C225F4A29}.Release|Any CPU.ActiveCfg = Release|Any CPU
		{016921B3-49E9-40E6-991F-2A4C225F4A29}.Release|Any CPU.Build.0 = Release|Any CPU
		{C7C09D54-2138-4D58-AC34-E81CD3CAD552}.Debug|Any CPU.ActiveCfg = Debug|Any CPU
		{C7C09D54-2138-4D58-AC34-E81CD3CAD552}.Debug|Any CPU.Build.0 = Debug|Any CPU
		{C7C09D54-2138-4D58-AC34-E81CD3CAD552}.Debug|Any CPU.Deploy.0 = Debug|Any CPU
		{C7C09D54-2138-4D58-AC34-E81CD3CAD552}.Release|Any CPU.ActiveCfg = Release|Any CPU
		{C7C09D54-2138-4D58-AC34-E81CD3CAD552}.Release|Any CPU.Build.0 = Release|Any CPU
		{C7C09D54-2138-4D58-AC34-E81CD3CAD552}.Release|Any CPU.Deploy.0 = Release|Any CPU
	EndGlobalSection
	GlobalSection(SolutionProperties) = preSolution
		HideSolutionNode = FALSE
	EndGlobalSection
	GlobalSection(ExtensibilityGlobals) = postSolution
		SolutionGuid = {A95F3EBF-1DBA-4C51-91B3-98FBAD854A1A}
	EndGlobalSection
EndGlobal
